lockfileVersion: '9.0'

settings:
  autoInstallPeers: true
  excludeLinksFromLockfile: false

importers:
  .:
    dependencies:
      cytoscape:
        specifier: 3.34.0
        version: 3.34.0
      libpg-query:
        specifier: 18.1.2
        version: 18.1.2
      node-sql-parser:
        specifier: 5.4.0
        version: 5.4.0
      pgsql-parser:
        specifier: 18.1.1
        version: 18.1.1

packages:
  '@pgsql/quotes@18.1.0':
    resolution:
      {
        integrity: sha512-wZcMP1QHiQbWWKOw4nfvZ74xUSz/9jqeSUXVnoR1saI5M0D+iYbiuOlfNDyYmziLwgEkCuSJLZK1dZ+eQCwgAA==,
      }

  '@pgsql/types@18.0.0':
    resolution:
      {
        integrity: sha512-jtAY4JU7jdVYZ/Vv3zlZqVP+FRWZokyCLKPPCnAApiaJAElpyyiMC3HRiquBu29kSrVs+rkqZD50SUIb/zyEGw==,
      }

  '@types/pegjs@0.10.6':
    resolution:
      {
        integrity: sha512-eLYXDbZWXh2uxf+w8sXS8d6KSoXTswfps6fvCUuVAGN8eRpfe7h9eSRydxiSJvo9Bf+GzifsDOr9TMQlmJdmkw==,
      }

  big-integer@1.6.52:
    resolution:
      {
        integrity: sha512-QxD8cf2eVqJOOz63z6JIN9BzvVs/dlySa5HGSBH5xtR8dPteIRQnBxxKqkNTiT6jbDTF6jAfrd4oMcND9RGbQg==,
      }
    engines: { node: '>=0.6' }

  cytoscape@3.34.0:
    resolution:
      {
        integrity: sha512-62rNSrioXw93uliKFBwjukeQyeWwH2PqDrTac31r2P6464u3AUvTk0xS4LVvT251g7IgkFunrI48ZEZGjywSOg==,
      }
    engines: { node: '>=0.10' }

  libpg-query@18.1.2:
    resolution:
      {
        integrity: sha512-8epkLd4hMoUVfYu2RlXWiUTxnGw1S6adm6/rMgWqlUB6+KsVb5BmJrDY8CjaPB9NWbEt6OnvQnfGxol2iBxn4A==,
      }

  node-sql-parser@5.4.0:
    resolution:
      {
        integrity: sha512-jVe6Z61gPcPjCElPZ6j8llB3wnqGcuQzefim1ERsqIakxnEy5JlzV7XKdO1KmacRG5TKwPc4vJTgSRQ0LfkbFw==,
      }
    engines: { node: '>=8' }

  pgsql-deparser@18.1.1:
    resolution:
      {
        integrity: sha512-G+5yj8rGlkW5YUJTKubV3J5YnAvbm8YpzphT1bYkRjAI5MKTVRXwGZJ0gqluqjhLNqDw6d20IFE4J5Z7yEmwWg==,
      }

  pgsql-parser@18.1.1:
    resolution:
      {
        integrity: sha512-wMOCDIuj7TOGy1gxYn2B0/y2row8sOIbPJ4IMkLD0fpgwgGZN26TYK+05AG27WExgzp9JGr9EbTaCF8T1sVzrQ==,
      }

snapshots:
  '@pgsql/quotes@18.1.0': {}

  '@pgsql/types@18.0.0': {}

  '@types/pegjs@0.10.6': {}

  big-integer@1.6.52: {}

  cytoscape@3.34.0: {}

  libpg-query@18.1.2:
    dependencies:
      '@pgsql/types': 18.0.0

  node-sql-parser@5.4.0:
    dependencies:
      '@types/pegjs': 0.10.6
      big-integer: 1.6.52

  pgsql-deparser@18.1.1:
    dependencies:
      '@pgsql/quotes': 18.1.0
      '@pgsql/types': 18.0.0

  pgsql-parser@18.1.1:
    dependencies:
      '@pgsql/types': 18.0.0
      libpg-query: 18.1.2
      pgsql-deparser: 18.1.1
